
Microsoft Visual Studio Solution File, Format Version 12.00
# Visual Studio Version 16
VisualStudioVersion = 16.0.31605.320
MinimumVisualStudioVersion = 10.0.40219.1
Project("{FAE04EC0-301F-11D3-BF4B-00C04F79EFBC}") = "Tetris_ysm", "Tetris_ysm.csproj", "{6ACD665B-5A85-4C9A-BEE4-9E606408D917}"
EndProject
Global
	GlobalSection(SolutionConfigurationPlatforms) = preSolution
		Debug|Any CPU = Debug|Any CPU
		Release|Any CPU = Release|Any CPU
	EndGlobalSection
	GlobalSection(ProjectConfigurationPlatforms) = postSolution
		{6ACD665B-5A85-4C9A-BEE4-9E606408D917}.Debug|Any CPU.ActiveCfg = Debug|Any CPU
		{6ACD665B-5A85-4C9A-BEE4-9E606408D917}.Debug|Any CPU.Build.0 = Debug|Any CPU
		{6ACD665B-5A85-4C9A-BEE4-9E606408D917}.Release|Any CPU.ActiveCfg = Release|Any CPU
		{6ACD665B-5A85-4C9A-BEE4-9E606408D917}.Release|Any CPU.Build.0 = Release|Any CPU
	EndGlobalSection
	GlobalSection(SolutionProperties) = preSolution
		HideSolutionNode = FALSE
	EndGlobalSection
	GlobalSection(ExtensibilityGlobals) = postSolution
		SolutionGuid = {2F81B477-3072-4B56-945C-99112AA763B7}
	EndGlobalSection
EndGlobal
